
Microsoft Visual Studio Solution File, Format Version 12.00
# Visual Studio Version 17
VisualStudioVersion = 17.10.35027.167
MinimumVisualStudioVersion = 10.0.40219.1
Project("{FAE04EC0-301F-11D3-BF4B-00C04F79EFBC}") = "WindowsFormsEstados", "WindowsFormsEstados\WindowsFormsEstados.csproj", "{9867D4F4-5EC3-4ACC-B378-E0D2CD742FE8}"
EndProject
Global
	GlobalSection(SolutionConfigurationPlatforms) = preSolution
		Debug|Any CPU = Debug|Any CPU
		Release|Any CPU = Release|Any CPU
	EndGlobalSection
	GlobalSection(ProjectConfigurationPlatforms) = postSolution
		{9867D4F4-5EC3-4ACC-B378-E0D2CD742FE8}.Debug|Any CPU.ActiveCfg = Debug|Any CPU
		{9867D4F4-5EC3-4ACC-B378-E0D2CD742FE8}.Debug|Any CPU.Build.0 = Debug|Any CPU
		{9867D4F4-5EC3-4ACC-B378-E0D2CD742FE8}.Release|Any CPU.ActiveCfg = Release|Any CPU
		{9867D4F4-5EC3-4ACC-B378-E0D2CD742FE8}.Release|Any CPU.Build.0 = Release|Any CPU
	EndGlobalSection
	GlobalSection(SolutionProperties) = preSolution
		HideSolutionNode = FALSE
	EndGlobalSection
	GlobalSection(ExtensibilityGlobals) = postSolution
		SolutionGuid = {D7F94FE9-FD61-415B-B429-77F7FCCDD4CB}
	EndGlobalSection
EndGlobal
